// !$*UTF8*$!
{
	archiveVersion = 1;
	classes = {
	};
	objectVersion = 46;
	objects = {

/* Begin PBXBuildFile section */
		6EAD511F1D158BEF007EBC0F /* AppDelegate.swift in Sources */ = {isa = PBXBuildFile; fileRef = 6EAD511E1D158BEF007EBC0F /* AppDelegate.swift */; };
		6EAD51211D158BEF007EBC0F /* ViewController.swift in Sources */ = {isa = PBXBuildFile; fileRef = 6EAD51201D158BEF007EBC0F /* ViewController.swift */; };
		6EAD51241D158BEF007EBC0F /* Main.storyboard in Resources */ = {isa = PBXBuildFile; fileRef = 6EAD51221D158BEF007EBC0F /* Main.storyboard */; };
		6EAD51261D158BEF007EBC0F /* Assets.xcassets in Resources */ = {isa = PBXBuildFile; fileRef = 6EAD51251D158BEF007EBC0F /* Assets.xcassets */; };
		6EAD51291D158BEF007EBC0F /* LaunchScreen.storyboard in Resources */ = {isa = PBXBuildFile; fileRef = 6EAD51271D158BEF007EBC0F /* LaunchScreen.storyboard */; };
		6EAD51341D158BEF007EBC0F /* playAnimation02_2Tests.swift in Sources */ = {isa = PBXBuildFile; fileRef = 6EAD51331D158BEF007EBC0F /* playAnimation02_2Tests.swift */; };
		6EAD513F1D158BEF007EBC0F /* playAnimation02_2UITests.swift in Sources */ = {isa = PBXBuildFile; fileRef = 6EAD513E1D158BEF007EBC0F /* playAnimation02_2UITests.swift */; };
/* End PBXBuildFile section */

/* Begin PBXContainerItemProxy section */
		6EAD51301D158BEF007EBC0F /* PBXContainerItemProxy */ = {
			isa = PBXContainerItemProxy;
			containerPortal = 6EAD51131D158BEF007EBC0F /* Project object */;
			proxyType = 1;
			remoteGlobalIDString = 6EAD511A1D158BEF007EBC0F;
			remoteInfo = playAnimation02_2;
		};
		6EAD513B1D158BEF007EBC0F /* PBXContainerItemProxy */ = {
			isa = PBXContainerItemProxy;
			containerPortal = 6EAD51131D158BEF007EBC0F /* Project object */;
			proxyType = 1;
			remoteGlobalIDString = 6EAD511A1D158BEF007EBC0F;
			remoteInfo = playAnimation02_2;
		};
/* End PBXContainerItemProxy section */

/* Begin PBXFileReference section */
		6EAD511B1D158BEF007EBC0F /* playAnimation02_2.app */ = {isa = PBXFileReference; explicitFileType = wrapper.application; includeInIndex = 0; path = playAnimation02_2.app; sourceTree = BUILT_PRODUCTS_DIR; };
		6EAD511E1D158BEF007EBC0F /* AppDelegate.swift */ = {isa = PBXFileReference; lastKnownFileType = sourcecode.swift; path = AppDelegate.swift; sourceTree = "<group>"; };
		6EAD51201D158BEF007EBC0F /* ViewController.swift */ = {isa = PBXFileReference; lastKnownFileType = sourcecode.swift; path = ViewController.swift; sourceTree = "<group>"; };
		6EAD51231D158BEF007EBC0F /* Base */ = {isa = PBXFileReference; lastKnownFileType = file.storyboard; name = Base; path = Base.lproj/Main.storyboard; sourceTree = "<group>"; };
		6EAD51251D158BEF007EBC0F /* Assets.xcassets */ = {isa = PBXFileReference; lastKnownFileType = folder.assetcatalog; path = Assets.xcassets; sourceTree = "<group>"; };
		6EAD51281D158BEF007EBC0F /* Base */ = {isa = PBXFileReference; lastKnownFileType = file.storyboard; name = Base; path = Base.lproj/LaunchScreen.storyboard; sourceTree = "<group>"; };
		6EAD512A1D158BEF007EBC0F /* Info.plist */ = {isa = PBXFileReference; lastKnownFileType = text.plist.xml; path = Info.plist; sourceTree = "<group>"; };
		6EAD512F1D158BEF007EBC0F /* playAnimation02_2Tests.xctest */ = {isa = PBXFileReference; explicitFileType = wrapper.cfbundle; includeInIndex = 0; path = playAnimation02_2Tests.xctest; sourceTree = BUILT_PRODUCTS_DIR; };
		6EAD51331D158BEF007EBC0F /* playAnimation02_2Tests.swift */ = {isa = PBXFileReference; lastKnownFileType = sourcecode.swift; path = playAnimation02_2Tests.swift; sourceTree = "<group>"; };
		6EAD51351D158BEF007EBC0F /* Info.plist */ = {isa = PBXFileReference; lastKnownFileType = text.plist.xml; path = Info.plist; sourceTree = "<group>"; };
		6EAD513A1D158BEF007EBC0F /* playAnimation02_2UITests.xctest */ = {isa = PBXFileReference; explicitFileType = wrapper.cfbundle; includeInIndex = 0; path = playAnimation02_2UITests.xctest; sourceTree = BUILT_PRODUCTS_DIR; };
		6EAD513E1D158BEF007EBC0F /* playAnimation02_2UITests.swift */ = {isa = PBXFileReference; lastKnownFileType = sourcecode.swift; path = playAnimation02_2UITests.swift; sourceTree = "<group>"; };
		6EAD51401D158BEF007EBC0F /* Info.plist */ = {isa = PBXFileReference; lastKnownFileType = text.plist.xml; path = Info.plist; sourceTree = "<group>"; };
/* End PBXFileReference section */

/* Begin PBXFrameworksBuildPhase section */
		6EAD51181D158BEF007EBC0F /* Frameworks */ = {
			isa = PBXFrameworksBuildPhase;
			buildActionMask = 2147483647;
			files = (
			);
			runOnlyForDeploymentPostprocessing = 0;
		};
		6EAD512C1D158BEF007EBC0F /* Frameworks */ = {
			isa = PBXFrameworksBuildPhase;
			buildActionMask = 2147483647;
			files = (
			);
			runOnlyForDeploymentPostprocessing = 0;
		};
		6EAD51371D158BEF007EBC0F /* Frameworks */ = {
			isa = PBXFrameworksBuildPhase;
			buildActionMask = 2147483647;
			files = (
			);
			runOnlyForDeploymentPostprocessing = 0;
		};
/* End PBXFrameworksBuildPhase section */

/* Begin PBXGroup section */
		6EAD51121D158BEF007EBC0F = {
			isa = PBXGroup;
			children = (
				6EAD511D1D158BEF007EBC0F /* playAnimation02_2 */,
				6EAD51321D158BEF007EBC0F /* playAnimation02_2Tests */,
				6EAD513D1D158BEF007EBC0F /* playAnimation02_2UITests */,
				6EAD511C1D158BEF007EBC0F /* Products */,
			);
			sourceTree = "<group>";
		};
		6EAD511C1D158BEF007EBC0F /* Products */ = {
			isa = PBXGroup;
			children = (
				6EAD511B1D158BEF007EBC0F /* playAnimation02_2.app */,
				6EAD512F1D158BEF007EBC0F /* playAnimation02_2Tests.xctest */,
				6EAD513A1D158BEF007EBC0F /* playAnimation02_2UITests.xctest */,
			);
			name = Products;
			sourceTree = "<group>";
		};
		6EAD511D1D158BEF007EBC0F /* playAnimation02_2 */ = {
			isa = PBXGroup;
			children = (
				6EAD511E1D158BEF007EBC0F /* AppDelegate.swift */,
				6EAD51201D158BEF007EBC0F /* ViewController.swift */,
				6EAD51221D158BEF007EBC0F /* Main.storyboard */,
				6EAD51251D158BEF007EBC0F /* Assets.xcassets */,
				6EAD51271D158BEF007EBC0F /* LaunchScreen.storyboard */,
				6EAD512A1D158BEF007EBC0F /* Info.plist */,
			);
			path = playAnimation02_2;
			sourceTree = "<group>";
		};
		6EAD51321D158BEF007EBC0F /* playAnimation02_2Tests */ = {
			isa = PBXGroup;
			children = (
				6EAD51331D158BEF007EBC0F /* playAnimation02_2Tests.swift */,
				6EAD51351D158BEF007EBC0F /* Info.plist */,
			);
			path = playAnimation02_2Tests;
			sourceTree = "<group>";
		};
		6EAD513D1D158BEF007EBC0F /* playAnimation02_2UITests */ = {
			isa = PBXGroup;
			children = (
				6EAD513E1D158BEF007EBC0F /* playAnimation02_2UITests.swift */,
				6EAD51401D158BEF007EBC0F /* Info.plist */,
			);
			path = playAnimation02_2UITests;
			sourceTree = "<group>";
		};
/* End PBXGroup section */

/* Begin PBXNativeTarget section */
		6EAD511A1D158BEF007EBC0F /* playAnimation02_2 */ = {
			isa = PBXNativeTarget;
			buildConfigurationList = 6EAD51431D158BEF007EBC0F /* Build configuration list for PBXNativeTarget "playAnimation02_2" */;
			buildPhases = (
				6EAD51171D158BEF007EBC0F /* Sources */,
				6EAD51181D158BEF007EBC0F /* Frameworks */,
				6EAD51191D158BEF007EBC0F /* Resources */,
			);
			buildRules = (
			);
			dependencies = (
			);
			name = playAnimation02_2;
			productName = playAnimation02_2;
			productReference = 6EAD511B1D158BEF007EBC0F /* playAnimation02_2.app */;
			productType = "com.apple.product-type.application";
		};
		6EAD512E1D158BEF007EBC0F /* playAnimation02_2Tests */ = {
			isa = PBXNativeTarget;
			buildConfigurationList = 6EAD51461D158BEF007EBC0F /* Build configuration list for PBXNativeTarget "playAnimation02_2Tests" */;
			buildPhases = (
				6EAD512B1D158BEF007EBC0F /* Sources */,
				6EAD512C1D158BEF007EBC0F /* Frameworks */,
				6EAD512D1D158BEF007EBC0F /* Resources */,
			);
			buildRules = (
			);
			dependencies = (
				6EAD51311D158BEF007EBC0F /* PBXTargetDependency */,
			);
			name = playAnimation02_2Tests;
			productName = playAnimation02_2Tests;
			productReference = 6EAD512F1D158BEF007EBC0F /* playAnimation02_2Tests.xctest */;
			productType = "com.apple.product-type.bundle.unit-test";
		};
		6EAD51391D158BEF007EBC0F /* playAnimation02_2UITests */ = {
			isa = PBXNativeTarget;
			buildConfigurationList = 6EAD51491D158BEF007EBC0F /* Build configuration list for PBXNativeTarget "playAnimation02_2UITests" */;
			buildPhases = (
				6EAD51361D158BEF007EBC0F /* Sources */,
				6EAD51371D158BEF007EBC0F /* Frameworks */,
				6EAD51381D158BEF007EBC0F /* Resources */,
			);
			buildRules = (
			);
			dependencies = (
				6EAD513C1D158BEF007EBC0F /* PBXTargetDependency */,
			);
			name = playAnimation02_2UITests;
			productName = playAnimation02_2UITests;
			productReference = 6EAD513A1D158BEF007EBC0F /* playAnimation02_2UITests.xctest */;
			productType = "com.apple.product-type.bundle.ui-testing";
		};
/* End PBXNativeTarget section */

/* Begin PBXProject section */
		6EAD51131D158BEF007EBC0F /* Project object */ = {
			isa = PBXProject;
			attributes = {
				LastSwiftUpdateCheck = 0730;
				LastUpgradeCheck = 0730;
				ORGANIZATIONNAME = MSMedia;
				TargetAttributes = {
					6EAD511A1D158BEF007EBC0F = {
						CreatedOnToolsVersion = 7.3.1;
					};
					6EAD512E1D158BEF007EBC0F = {
						CreatedOnToolsVersion = 7.3.1;
						TestTargetID = 6EAD511A1D158BEF007EBC0F;
					};
					6EAD51391D158BEF007EBC0F = {
						CreatedOnToolsVersion = 7.3.1;
						TestTargetID = 6EAD511A1D158BEF007EBC0F;
					};
				};
			};
			buildConfigurationList = 6EAD51161D158BEF007EBC0F /* Build configuration list for PBXProject "playAnimation02_2" */;
			compatibilityVersion = "Xcode 3.2";
			developmentRegion = English;
			hasScannedForEncodings = 0;
			knownRegions = (
				en,
				Base,
			);
			mainGroup = 6EAD51121D158BEF007EBC0F;
			productRefGroup = 6EAD511C1D158BEF007EBC0F /* Products */;
			projectDirPath = "";
			projectRoot = "";
			targets = (
				6EAD511A1D158BEF007EBC0F /* playAnimation02_2 */,
				6EAD512E1D158BEF007EBC0F /* playAnimation02_2Tests */,
				6EAD51391D158BEF007EBC0F /* playAnimation02_2UITests */,
			);
		};
/* End PBXProject section */

/* Begin PBXResourcesBuildPhase section */
		6EAD51191D158BEF007EBC0F /* Resources */ = {
			isa = PBXResourcesBuildPhase;
			buildActionMask = 2147483647;
			files = (
				6EAD51291D158BEF007EBC0F /* LaunchScreen.storyboard in Resources */,
				6EAD51261D158BEF007EBC0F /* Assets.xcassets in Resources */,
				6EAD51241D158BEF007EBC0F /* Main.storyboard in Resources */,
			);
			runOnlyForDeploymentPostprocessing = 0;
		};
		6EAD512D1D158BEF007EBC0F /* Resources */ = {
			isa = PBXResourcesBuildPhase;
			buildActionMask = 2147483647;
			files = (
			);
			runOnlyForDeploymentPostprocessing = 0;
		};
		6EAD51381D158BEF007EBC0F /* Resources */ = {
			isa = PBXResourcesBuildPhase;
			buildActionMask = 2147483647;
			files = (
			);
			runOnlyForDeploymentPostprocessing = 0;
		};
/* End PBXResourcesBuildPhase section */

/* Begin PBXSourcesBuildPhase section */
		6EAD51171D158BEF007EBC0F /* Sources */ = {
			isa = PBXSourcesBuildPhase;
			buildActionMask = 2147483647;
			files = (
				6EAD51211D158BEF007EBC0F /* ViewController.swift in Sources */,
				6EAD511F1D158BEF007EBC0F /* AppDelegate.swift in Sources */,
			);
			runOnlyForDeploymentPostprocessing = 0;
		};
		6EAD512B1D158BEF007EBC0F /* Sources */ = {
			isa = PBXSourcesBuildPhase;
			buildActionMask = 2147483647;
			files = (
				6EAD51341D158BEF007EBC0F /* playAnimation02_2Tests.swift in Sources */,
			);
			runOnlyForDeploymentPostprocessing = 0;
		};
		6EAD51361D158BEF007EBC0F /* Sources */ = {
			isa = PBXSourcesBuildPhase;
			buildActionMask = 2147483647;
			files = (
				6EAD513F1D158BEF007EBC0F /* playAnimation02_2UITests.swift in Sources */,
			);
			runOnlyForDeploymentPostprocessing = 0;
		};
/* End PBXSourcesBuildPhase section */

/* Begin PBXTargetDependency section */
		6EAD51311D158BEF007EBC0F /* PBXTargetDependency */ = {
			isa = PBXTargetDependency;
			target = 6EAD511A1D158BEF007EBC0F /* playAnimation02_2 */;
			targetProxy = 6EAD51301D158BEF007EBC0F /* PBXContainerItemProxy */;
		};
		6EAD513C1D158BEF007EBC0F /* PBXTargetDependency */ = {
			isa = PBXTargetDependency;
			target = 6EAD511A1D158BEF007EBC0F /* playAnimation02_2 */;
			targetProxy = 6EAD513B1D158BEF007EBC0F /* PBXContainerItemProxy */;
		};
/* End PBXTargetDependency section */

/* Begin PBXVariantGroup section */
		6EAD51221D158BEF007EBC0F /* Main.storyboard */ = {
			isa = PBXVariantGroup;
			children = (
				6EAD51231D158BEF007EBC0F /* Base */,
			);
			name = Main.storyboard;
			sourceTree = "<group>";
		};
		6EAD51271D158BEF007EBC0F /* LaunchScreen.storyboard */ = {
			isa = PBXVariantGroup;
			children = (
				6EAD51281D158BEF007EBC0F /* Base */,
			);
			name = LaunchScreen.storyboard;
			sourceTree = "<group>";
		};
/* End PBXVariantGroup section */

/* Begin XCBuildConfiguration section */
		6EAD51411D158BEF007EBC0F /* Debug */ = {
			isa = XCBuildConfiguration;
			buildSettings = {
				ALWAYS_SEARCH_USER_PATHS = NO;
				CLANG_ANALYZER_NONNULL = YES;
				CLANG_CXX_LANGUAGE_STANDARD = "gnu++0x";
				CLANG_CXX_LIBRARY = "libc++";
				CLANG_ENABLE_MODULES = YES;
				CLANG_ENABLE_OBJC_ARC = YES;
				CLANG_WARN_BOOL_CONVERSION = YES;
				CLANG_WARN_CONSTANT_CONVERSION = YES;
				CLANG_WARN_DIRECT_OBJC_ISA_USAGE = YES_ERROR;
				CLANG_WARN_EMPTY_BODY = YES;
				CLANG_WARN_ENUM_CONVERSION = YES;
				CLANG_WARN_INT_CONVERSION = YES;
				CLANG_WARN_OBJC_ROOT_CLASS = YES_ERROR;
				CLANG_WARN_UNREACHABLE_CODE = YES;
				CLANG_WARN__DUPLICATE_METHOD_MATCH = YES;
				"CODE_SIGN_IDENTITY[sdk=iphoneos*]" = "iPhone Developer";
				COPY_PHASE_STRIP = NO;
				DEBUG_INFORMATION_FORMAT = dwarf;
				ENABLE_STRICT_OBJC_MSGSEND = YES;
				ENABLE_TESTABILITY = YES;
				GCC_C_LANGUAGE_STANDARD = gnu99;
				GCC_DYNAMIC_NO_PIC = NO;
				GCC_NO_COMMON_BLOCKS = YES;
				GCC_OPTIMIZATION_LEVEL = 0;
				GCC_PREPROCESSOR_DEFINITIONS = (
					"DEBUG=1",
					"$(inherited)",
				);
				GCC_WARN_64_TO_32_BIT_CONVERSION = YES;
				GCC_WARN_ABOUT_RETURN_TYPE = YES_ERROR;
				GCC_WARN_UNDECLARED_SELECTOR = YES;
				GCC_WARN_UNINITIALIZED_AUTOS = YES_AGGRESSIVE;
				GCC_WARN_UNUSED_FUNCTION = YES;
				GCC_WARN_UNUSED_VARIABLE = YES;
				IPHONEOS_DEPLOYMENT_TARGET = 9.3;
				MTL_ENABLE_DEBUG_INFO = YES;
				ONLY_ACTIVE_ARCH = YES;
				SDKROOT = iphoneos;
				SWIFT_OPTIMIZATION_LEVEL = "-Onone";
			};
			name = Debug;
		};
		6EAD51421D158BEF007EBC0F /* Release */ = {
			isa = XCBuildConfiguration;
			buildSettings = {
				ALWAYS_SEARCH_USER_PATHS = NO;
				CLANG_ANALYZER_NONNULL = YES;
				CLANG_CXX_LANGUAGE_STANDARD = "gnu++0x";
				CLANG_CXX_LIBRARY = "libc++";
				CLANG_ENABLE_MODULES = YES;
				CLANG_ENABLE_OBJC_ARC = YES;
				CLANG_WARN_BOOL_CONVERSION = YES;
				CLANG_WARN_CONSTANT_CONVERSION = YES;
				CLANG_WARN_DIRECT_OBJC_ISA_USAGE = YES_ERROR;
				CLANG_WARN_EMPTY_BODY = YES;
				CLANG_WARN_ENUM_CONVERSION = YES;
				CLANG_WARN_INT_CONVERSION = YES;
				CLANG_WARN_OBJC_ROOT_CLASS = YES_ERROR;
				CLANG_WARN_UNREACHABLE_CODE = YES;
				CLANG_WARN__DUPLICATE_METHOD_MATCH = YES;
				"CODE_SIGN_IDENTITY[sdk=iphoneos*]" = "iPhone Developer";
				COPY_PHASE_STRIP = NO;
				DEBUG_INFORMATION_FORMAT = "dwarf-with-dsym";
				ENABLE_NS_ASSERTIONS = NO;
				ENABLE_STRICT_OBJC_MSGSEND = YES;
				GCC_C_LANGUAGE_STANDARD = gnu99;
				GCC_NO_COMMON_BLOCKS = YES;
				GCC_WARN_64_TO_32_BIT_CONVERSION = YES;
				GCC_WARN_ABOUT_RETURN_TYPE = YES_ERROR;
				GCC_WARN_UNDECLARED_SELECTOR = YES;
				GCC_WARN_UNINITIALIZED_AUTOS = YES_AGGRESSIVE;
				GCC_WARN_UNUSED_FUNCTION = YES;
				GCC_WARN_UNUSED_VARIABLE = YES;
				IPHONEOS_DEPLOYMENT_TARGET = 9.3;
				MTL_ENABLE_DEBUG_INFO = NO;
				SDKROOT = iphoneos;
				VALIDATE_PRODUCT = YES;
			};
			name = Release;
		};
		6EAD51441D158BEF007EBC0F /* Debug */ = {
			isa = XCBuildConfiguration;
			buildSettings = {
				ASSETCATALOG_COMPILER_APPICON_NAME = AppIcon;
				INFOPLIST_FILE = playAnimation02_2/Info.plist;
				LD_RUNPATH_SEARCH_PATHS = "$(inherited) @executable_path/Frameworks";
				PRODUCT_BUNDLE_IDENTIFIER = "com.MSMedia.playAnimation02-2";
				PRODUCT_NAME = "$(TARGET_NAME)";
			};
			name = Debug;
		};
		6EAD51451D158BEF007EBC0F /* Release */ = {
			isa = XCBuildConfiguration;
			buildSettings = {
				ASSETCATALOG_COMPILER_APPICON_NAME = AppIcon;
				INFOPLIST_FILE = playAnimation02_2/Info.plist;
				LD_RUNPATH_SEARCH_PATHS = "$(inherited) @executable_path/Frameworks";
				PRODUCT_BUNDLE_IDENTIFIER = "com.MSMedia.playAnimation02-2";
				PRODUCT_NAME = "$(TARGET_NAME)";
			};
			name = Release;
		};
		6EAD51471D158BEF007EBC0F /* Debug */ = {
			isa = XCBuildConfiguration;
			buildSettings = {
				BUNDLE_LOADER = "$(TEST_HOST)";
				INFOPLIST_FILE = playAnimation02_2Tests/Info.plist;
				LD_RUNPATH_SEARCH_PATHS = "$(inherited) @executable_path/Frameworks @loader_path/Frameworks";
				PRODUCT_BUNDLE_IDENTIFIER = "com.MSMedia.playAnimation02-2Tests";
				PRODUCT_NAME = "$(TARGET_NAME)";
				TEST_HOST = "$(BUILT_PRODUCTS_DIR)/playAnimation02_2.app/playAnimation02_2";
			};
			name = Debug;
		};
		6EAD51481D158BEF007EBC0F /* Release */ = {
			isa = XCBuildConfiguration;
			buildSettings = {
				BUNDLE_LOADER = "$(TEST_HOST)";
				INFOPLIST_FILE = playAnimation02_2Tests/Info.plist;
				LD_RUNPATH_SEARCH_PATHS = "$(inherited) @executable_path/Frameworks @loader_path/Frameworks";
				PRODUCT_BUNDLE_IDENTIFIER = "com.MSMedia.playAnimation02-2Tests";
				PRODUCT_NAME = "$(TARGET_NAME)";
				TEST_HOST = "$(BUILT_PRODUCTS_DIR)/playAnimation02_2.app/playAnimation02_2";
			};
			name = Release;
		};
		6EAD514A1D158BEF007EBC0F /* Debug */ = {
			isa = XCBuildConfiguration;
			buildSettings = {
				INFOPLIST_FILE = playAnimation02_2UITests/Info.plist;
				LD_RUNPATH_SEARCH_PATHS = "$(inherited) @executable_path/Frameworks @loader_path/Frameworks";
				PRODUCT_BUNDLE_IDENTIFIER = "com.MSMedia.playAnimation02-2UITests";
				PRODUCT_NAME = "$(TARGET_NAME)";
				TEST_TARGET_NAME = playAnimation02_2;
			};
			name = Debug;
		};
		6EAD514B1D158BEF007EBC0F /* Release */ = {
			isa = XCBuildConfiguration;
			buildSettings = {
				INFOPLIST_FILE = playAnimation02_2UITests/Info.plist;
				LD_RUNPATH_SEARCH_PATHS = "$(inherited) @executable_path/Frameworks @loader_path/Frameworks";
				PRODUCT_BUNDLE_IDENTIFIER = "com.MSMedia.playAnimation02-2UITests";
				PRODUCT_NAME = "$(TARGET_NAME)";
				TEST_TARGET_NAME = playAnimation02_2;
			};
			name = Release;
		};
/* End XCBuildConfiguration section */

/* Begin XCConfigurationList section */
		6EAD51161D158BEF007EBC0F /* Build configuration list for PBXProject "playAnimation02_2" */ = {
			isa = XCConfigurationList;
			buildConfigurations = (
				6EAD51411D158BEF007EBC0F /* Debug */,
				6EAD51421D158BEF007EBC0F /* Release */,
			);
			defaultConfigurationIsVisible = 0;
			defaultConfigurationName = Release;
		};
		6EAD51431D158BEF007EBC0F /* Build configuration list for PBXNativeTarget "playAnimation02_2" */ = {
			isa = XCConfigurationList;
			buildConfigurations = (
				6EAD51441D158BEF007EBC0F /* Debug */,
				6EAD51451D158BEF007EBC0F /* Release */,
			);
			defaultConfigurationIsVisible = 0;
		};
		6EAD51461D158BEF007EBC0F /* Build configuration list for PBXNativeTarget "playAnimation02_2Tests" */ = {
			isa = XCConfigurationList;
			buildConfigurations = (
				6EAD51471D158BEF007EBC0F /* Debug */,
				6EAD51481D158BEF007EBC0F /* Release */,
			);
			defaultConfigurationIsVisible = 0;
		};
		6EAD51491D158BEF007EBC0F /* Build configuration list for PBXNativeTarget "playAnimation02_2UITests" */ = {
			isa = XCConfigurationList;
			buildConfigurations = (
				6EAD514A1D158BEF007EBC0F /* Debug */,
				6EAD514B1D158BEF007EBC0F /* Release */,
			);
			defaultConfigurationIsVisible = 0;
		};
/* End XCConfigurationList section */
	};
	rootObject = 6EAD51131D158BEF007EBC0F /* Project object */;
}
